<?xml version="1.0" encoding="utf-8"?>
<Project ToolsVersion="4.0" xmlns="http://schemas.microsoft.com/developer/msbuild/2003">
  <ItemGroup>
    <Filter Include="소스 파일">
      <UniqueIdentifier>{4FC737F1-C7A5-4376-A066-2A32D752A2FF}</UniqueIdentifier>
      <Extensions>cpp;c;cc;cxx;c++;cppm;ixx;def;odl;idl;hpj;bat;asm;asmx</Extensions>
    </Filter>
    <Filter Include="헤더 파일">
      <UniqueIdentifier>{93995380-89BD-4b04-88EB-625FBE52EBFB}</UniqueIdentifier>
      <Extensions>h;hh;hpp;hxx;h++;hm;inl;inc;ipp;xsd</Extensions>
    </Filter>
    <Filter Include="리소스 파일">
      <UniqueIdentifier>{67DA6AB6-F800-4c08-8B7A-83BB121AAD01}</UniqueIdentifier>
      <Extensions>rc;ico;cur;bmp;dlg;rc2;rct;bin;rgs;gif;jpg;jpeg;jpe;resx;tiff;tif;png;wav;mfcribbon-ms</Extensions>
    </Filter>
    <Filter Include="소스 파일\BOJ">
      <UniqueIdentifier>{b27fcfc2-9b5e-47d7-99ed-ac885d978c80}</UniqueIdentifier>
    </Filter>
    <Filter Include="소스 파일\Programmers">
      <UniqueIdentifier>{9785c369-5c44-40c7-9347-eb5ceb46b5da}</UniqueIdentifier>
    </Filter>
    <Filter Include="소스 파일\BarkingDogLecture">
      <UniqueIdentifier>{ac0a0d2b-5cc6-45df-8380-453144aa13a4}</UniqueIdentifier>
    </Filter>
    <Filter Include="소스 파일\코딩테스트">
      <UniqueIdentifier>{24e5539a-bc91-454c-a7b5-cd45a06c8aaa}</UniqueIdentifier>
    </Filter>
  </ItemGroup>
  <ItemGroup>
    <ClCompile Include="0x03Array_구현.cpp">
      <Filter>소스 파일\BarkingDogLecture</Filter>
    </ClCompile>
    <ClCompile Include="10808.cpp">
      <Filter>소스 파일\BOJ</Filter>
    </ClCompile>
    <ClCompile Include="0x03Array_연습문제2.cpp">
      <Filter>소스 파일\BarkingDogLecture</Filter>
    </ClCompile>
    <ClCompile Include="0x03LinkedList_구현.cpp">
      <Filter>소스 파일\BarkingDogLecture</Filter>
    </ClCompile>
    <ClCompile Include="1406.cpp">
      <Filter>소스 파일\BOJ</Filter>
    </ClCompile>
    <ClCompile Include="level2_JadenCase 문자열 만들기.cpp">
      <Filter>소스 파일\Programmers</Filter>
    </ClCompile>
    <ClCompile Include="level1_가장가까운같은글자.cpp">
      <Filter>소스 파일\Programmers</Filter>
    </ClCompile>
    <ClCompile Include="level1_개인정보수집유효기간.cpp">
      <Filter>소스 파일\Programmers</Filter>
    </ClCompile>
    <ClCompile Include="level1_공원산책.cpp">
      <Filter>소스 파일\Programmers</Filter>
    </ClCompile>
    <ClCompile Include="level1_과일장수.cpp">
      <Filter>소스 파일\Programmers</Filter>
    </ClCompile>
    <ClCompile Include="level1_기사단원의무기.cpp">
      <Filter>소스 파일\Programmers</Filter>
    </ClCompile>
    <ClCompile Include="level1_달리기경주.cpp">
      <Filter>소스 파일\Programmers</Filter>
    </ClCompile>
    <ClCompile Include="level1_둘만의암호.cpp">
      <Filter>소스 파일\Programmers</Filter>
    </ClCompile>
    <ClCompile Include="level1_명예의전당(1).cpp">
      <Filter>소스 파일\Programmers</Filter>
    </ClCompile>
    <ClCompile Include="level1_문자열나누기.cpp">
      <Filter>소스 파일\Programmers</Filter>
    </ClCompile>
    <ClCompile Include="level1_바탕화면정리.cpp">
      <Filter>소스 파일\Programmers</Filter>
    </ClCompile>
    <ClCompile Include="level1_삼총사.cpp">
      <Filter>소스 파일\Programmers</Filter>
    </ClCompile>
    <ClCompile Include="level1_숫자짝꿍.cpp">
      <Filter>소스 파일\Programmers</Filter>
    </ClCompile>
    <ClCompile Include="level1_옹알이(2).cpp">
      <Filter>소스 파일\Programmers</Filter>
    </ClCompile>
    <ClCompile Include="level1_콜라문제.cpp">
      <Filter>소스 파일\Programmers</Filter>
    </ClCompile>
    <ClCompile Include="level1_크기가작은부분문자열.cpp">
      <Filter>소스 파일\Programmers</Filter>
    </ClCompile>
    <ClCompile Include="level1_푸드파이트대회.cpp">
      <Filter>소스 파일\Programmers</Filter>
    </ClCompile>
    <ClCompile Include="level1_햄버거만들기.cpp">
      <Filter>소스 파일\Programmers</Filter>
    </ClCompile>
    <ClCompile Include="level2_올바른 괄호.cpp">
      <Filter>소스 파일\Programmers</Filter>
    </ClCompile>
    <ClCompile Include="1926.cpp">
      <Filter>소스 파일\BOJ</Filter>
    </ClCompile>
    <ClCompile Include="0x09BFS_구현.cpp">
      <Filter>소스 파일\BarkingDogLecture</Filter>
    </ClCompile>
    <ClCompile Include="2178_미로탐색.cpp">
      <Filter>소스 파일\BOJ</Filter>
    </ClCompile>
    <ClCompile Include="4179_불!.cpp">
      <Filter>소스 파일\BOJ</Filter>
    </ClCompile>
    <ClCompile Include="1697_숨바꼭질.cpp">
      <Filter>소스 파일\BOJ</Filter>
    </ClCompile>
    <ClCompile Include="0x05Stack_구현.cpp">
      <Filter>소스 파일\BarkingDogLecture</Filter>
    </ClCompile>
    <ClCompile Include="10828_스택.cpp">
      <Filter>소스 파일\BOJ</Filter>
    </ClCompile>
    <ClCompile Include="0x06Queue_구현.cpp">
      <Filter>소스 파일\BarkingDogLecture</Filter>
    </ClCompile>
    <ClCompile Include="10845_큐.cpp">
      <Filter>소스 파일\BOJ</Filter>
    </ClCompile>
    <ClCompile Include="0x07Deque_구현.cpp">
      <Filter>소스 파일\BarkingDogLecture</Filter>
    </ClCompile>
    <ClCompile Include="10866_덱.cpp">
      <Filter>소스 파일\BOJ</Filter>
    </ClCompile>
    <ClCompile Include="4949_균형잡힌 세상.cpp">
      <Filter>소스 파일\BOJ</Filter>
    </ClCompile>
    <ClCompile Include="10799_쇠막대기.cpp">
      <Filter>소스 파일\BOJ</Filter>
    </ClCompile>
    <ClCompile Include="2504_괄호의 값.cpp">
      <Filter>소스 파일\BOJ</Filter>
    </ClCompile>
    <ClCompile Include="1629_곱셈.cpp">
      <Filter>소스 파일\BOJ</Filter>
    </ClCompile>
    <ClCompile Include="11729_하노이 탑 이동 순서.cpp">
      <Filter>소스 파일\BOJ</Filter>
    </ClCompile>
    <ClCompile Include="1074_Z.cpp">
      <Filter>소스 파일\BOJ</Filter>
    </ClCompile>
    <ClCompile Include="3273_두수의합.cpp">
      <Filter>소스 파일\BOJ</Filter>
    </ClCompile>
    <ClCompile Include="콩_코딩테스트_배열_합치기.cpp">
      <Filter>소스 파일\코딩테스트</Filter>
    </ClCompile>
    <ClCompile Include="mergesort.cpp">
      <Filter>소스 파일\코딩테스트</Filter>
    </ClCompile>
    <ClCompile Include="14954_HappyNumber.cpp">
      <Filter>소스 파일\BOJ</Filter>
    </ClCompile>
    <ClCompile Include="n_queen_내풀이.cpp">
      <Filter>소스 파일\코딩테스트</Filter>
    </ClCompile>
    <ClCompile Include="0x0C백트래킹_구현.cpp">
      <Filter>소스 파일\BarkingDogLecture</Filter>
    </ClCompile>
    <ClCompile Include="15649_N과M(1).cpp">
      <Filter>소스 파일\BOJ</Filter>
    </ClCompile>
    <ClCompile Include="n_queen_바킹독풀이.cpp">
      <Filter>소스 파일\코딩테스트</Filter>
    </ClCompile>
    <ClCompile Include="9663_n_queen.cpp">
      <Filter>소스 파일\BOJ</Filter>
    </ClCompile>
    <ClCompile Include="1182_부분수열의합.cpp">
      <Filter>소스 파일\BOJ</Filter>
    </ClCompile>
    <ClCompile Include="15683_감시.cpp">
      <Filter>소스 파일\BOJ</Filter>
    </ClCompile>
    <ClCompile Include="18808_스티커_붙이기.cpp">
      <Filter>소스 파일\BOJ</Filter>
    </ClCompile>
  </ItemGroup>
</Project>